{
  "name": "YajsmlExample",
  "version": "1.0.1",
  "lockfileVersion": 1,
  "requires": true,
  "dependencies": {
    "connect": {
      "version": "3.0.0",
      "resolved": "https://registry.npmjs.org/connect/-/connect-3.0.0.tgz",
      "integrity": "sha1-QGzPLjlpIyUewMoxshknnA4ZWv4=",
      "requires": {
        "debug": "0.8.1",
        "escape-html": "1.0.1",
        "parseurl": "1.0.1",
        "utils-merge": "1.0.0"
      }
    },
    "connect-cors": {
      "version": "0.5.0",
      "resolved": "https://registry.npmjs.org/connect-cors/-/connect-cors-0.5.0.tgz",
      "integrity": "sha1-AuPioDnEL+BZ41gQfL7BFiJHq0Y=",
      "requires": {
        "connect": ">= 1.6.4"
      }
    },
    "debug": {
      "version": "0.8.1",
      "resolved": "https://registry.npmjs.org/debug/-/debug-0.8.1.tgz",
      "integrity": "sha1-IP9NJvXkIstoobrLu2EDmtjBwTA="
    },
    "escape-html": {
      "version": "1.0.1",
      "resolved": "https://registry.npmjs.org/escape-html/-/escape-html-1.0.1.tgz",
      "integrity": "sha1-GBoobq05ejmpKFfPsdQwUuNWv/A="
    },
    "etherpad-yajsml": {
      "version": "file:.."
    },
    "parseurl": {
      "version": "1.0.1",
      "resolved": "https://registry.npmjs.org/parseurl/-/parseurl-1.0.1.tgz",
      "integrity": "sha1-Llfc5u/dN8NRhwEDCUTCK/OIt7Q="
    },
    "request": {
      "version": "2.9.203",
      "resolved": "https://registry.npmjs.org/request/-/request-2.9.203.tgz",
      "integrity": "sha1-bBcRpUB/uUoRQhlWPkQUW8v0cjo="
    },
    "uglify-js": {
      "version": "1.3.5",
      "resolved": "https://registry.npmjs.org/uglify-js/-/uglify-js-1.3.5.tgz",
      "integrity": "sha1-S1v/+Rhu/7qoiOTJ6UvZ/EyUkp0="
    },
    "utils-merge": {
      "version": "1.0.0",
      "resolved": "https://registry.npmjs.org/utils-merge/-/utils-merge-1.0.0.tgz",
      "integrity": "sha1-ApT7kiu5N1FTVBxPcJYjHyh8ivg="
    }
  }
}
